
Microsoft Visual Studio Solution File, Format Version 12.00
# Visual Studio 15
VisualStudioVersion = 15.0.28307.168
MinimumVisualStudioVersion = 10.0.40219.1
Project("{9A19103F-16F7-4668-BE54-9A1E7A4F7556}") = "Ekenstein.Files", "Ekenstein.Files\Ekenstein.Files.csproj", "{3B828529-C173-48DF-9FAB-FAC103AB7971}"
EndProject
Project("{9A19103F-16F7-4668-BE54-9A1E7A4F7556}") = "Ekenstein.Files.CloudStorage", "Ekenstein.Files.CloudStorage\Ekenstein.Files.CloudStorage.csproj", "{3EEB2EEE-D0F8-4083-A8F2-11A5E2BBCD14}"
EndProject
Project("{9A19103F-16F7-4668-BE54-9A1E7A4F7556}") = "Ekenstein.Files.SFTP", "Ekenstein.Files.SFTP\Ekenstein.Files.SFTP.csproj", "{173A514C-949A-4532-8E42-C916995F0F79}"
EndProject
Global
	GlobalSection(SolutionConfigurationPlatforms) = preSolution
		Debug|Any CPU = Debug|Any CPU
		Release|Any CPU = Release|Any CPU
	EndGlobalSection
	GlobalSection(ProjectConfigurationPlatforms) = postSolution
		{3B828529-C173-48DF-9FAB-FAC103AB7971}.Debug|Any CPU.ActiveCfg = Debug|Any CPU
		{3B828529-C173-48DF-9FAB-FAC103AB7971}.Debug|Any CPU.Build.0 = Debug|Any CPU
		{3B828529-C173-48DF-9FAB-FAC103AB7971}.Release|Any CPU.ActiveCfg = Release|Any CPU
		{3B828529-C173-48DF-9FAB-FAC103AB7971}.Release|Any CPU.Build.0 = Release|Any CPU
		{3EEB2EEE-D0F8-4083-A8F2-11A5E2BBCD14}.Debug|Any CPU.ActiveCfg = Debug|Any CPU
		{3EEB2EEE-D0F8-4083-A8F2-11A5E2BBCD14}.Debug|Any CPU.Build.0 = Debug|Any CPU
		{3EEB2EEE-D0F8-4083-A8F2-11A5E2BBCD14}.Release|Any CPU.ActiveCfg = Release|Any CPU
		{3EEB2EEE-D0F8-4083-A8F2-11A5E2BBCD14}.Release|Any CPU.Build.0 = Release|Any CPU
		{173A514C-949A-4532-8E42-C916995F0F79}.Debug|Any CPU.ActiveCfg = Debug|Any CPU
		{173A514C-949A-4532-8E42-C916995F0F79}.Debug|Any CPU.Build.0 = Debug|Any CPU
		{173A514C-949A-4532-8E42-C916995F0F79}.Release|Any CPU.ActiveCfg = Release|Any CPU
		{173A514C-949A-4532-8E42-C916995F0F79}.Release|Any CPU.Build.0 = Release|Any CPU
	EndGlobalSection
	GlobalSection(SolutionProperties) = preSolution
		HideSolutionNode = FALSE
	EndGlobalSection
	GlobalSection(ExtensibilityGlobals) = postSolution
		SolutionGuid = {FE1FD4D9-1AEB-44CD-B1F4-F4936210692F}
	EndGlobalSection
EndGlobal
