
Microsoft Visual Studio Solution File, Format Version 12.00
# Visual Studio 15
VisualStudioVersion = 15.0.28307.168
MinimumVisualStudioVersion = 10.0.40219.1
Project("{FAE04EC0-301F-11D3-BF4B-00C04F79EFBC}") = "Ekenstein.Files", "Ekenstein.Files\Ekenstein.Files.csproj", "{3B828529-C173-48DF-9FAB-FAC103AB7971}"
EndProject
Project("{FAE04EC0-301F-11D3-BF4B-00C04F79EFBC}") = "Ekenstein.Files.FileSystem", "Ekenstein.Files.FileSystem\Ekenstein.Files.FileSystem.csproj", "{288DEC19-AE45-4822-9056-9D2BE285FB54}"
EndProject
Global
	GlobalSection(SolutionConfigurationPlatforms) = preSolution
		Debug|Any CPU = Debug|Any CPU
		Release|Any CPU = Release|Any CPU
	EndGlobalSection
	GlobalSection(ProjectConfigurationPlatforms) = postSolution
		{3B828529-C173-48DF-9FAB-FAC103AB7971}.Debug|Any CPU.ActiveCfg = Debug|Any CPU
		{3B828529-C173-48DF-9FAB-FAC103AB7971}.Debug|Any CPU.Build.0 = Debug|Any CPU
		{3B828529-C173-48DF-9FAB-FAC103AB7971}.Release|Any CPU.ActiveCfg = Release|Any CPU
		{3B828529-C173-48DF-9FAB-FAC103AB7971}.Release|Any CPU.Build.0 = Release|Any CPU
		{288DEC19-AE45-4822-9056-9D2BE285FB54}.Debug|Any CPU.ActiveCfg = Debug|Any CPU
		{288DEC19-AE45-4822-9056-9D2BE285FB54}.Debug|Any CPU.Build.0 = Debug|Any CPU
		{288DEC19-AE45-4822-9056-9D2BE285FB54}.Release|Any CPU.ActiveCfg = Release|Any CPU
		{288DEC19-AE45-4822-9056-9D2BE285FB54}.Release|Any CPU.Build.0 = Release|Any CPU
	EndGlobalSection
	GlobalSection(SolutionProperties) = preSolution
		HideSolutionNode = FALSE
	EndGlobalSection
	GlobalSection(ExtensibilityGlobals) = postSolution
		SolutionGuid = {FE1FD4D9-1AEB-44CD-B1F4-F4936210692F}
	EndGlobalSection
EndGlobal
