
Microsoft Visual Studio Solution File, Format Version 12.00
# Visual Studio Version 16
VisualStudioVersion = 16.0.28803.352
MinimumVisualStudioVersion = 10.0.40219.1
Project("{9A19103F-16F7-4668-BE54-9A1E7A4F7556}") = "Fileicsh.Abstraction", "Fileicsh.Abstraction\Fileicsh.Abstraction.csproj", "{4210A9B3-5AFA-487C-92EC-193C8C51838F}"
EndProject
Project("{9A19103F-16F7-4668-BE54-9A1E7A4F7556}") = "Fileicsh.CloudStorage", "Fileicsh.CloudStorage\Fileicsh.CloudStorage.csproj", "{4653B504-AE6B-4C33-A479-479A8F617504}"
EndProject
Project("{9A19103F-16F7-4668-BE54-9A1E7A4F7556}") = "Fileicsh.SFTP", "Fileicsh.SFTP\Fileicsh.SFTP.csproj", "{E5DDB160-A6CD-4D1D-B5A2-84097289965F}"
EndProject
Project("{9A19103F-16F7-4668-BE54-9A1E7A4F7556}") = "Fileicsh.SFTP.Tests", "Fileicsh.SFTP.Tests\Fileicsh.SFTP.Tests.csproj", "{035C63C6-7796-4426-9781-46EA5FAC5B29}"
EndProject
Project("{9A19103F-16F7-4668-BE54-9A1E7A4F7556}") = "Fileicsh.Tests", "Fileicsh.Tests\Fileicsh.Tests.csproj", "{4E977144-897B-4937-BB53-EB1374FC1FE4}"
EndProject
Project("{9A19103F-16F7-4668-BE54-9A1E7A4F7556}") = "Fileicsh.CloudStorage.Tests", "Fileicsh.CloudStorage.Tests\Fileicsh.CloudStorage.Tests.csproj", "{E5D60AAF-C991-41D1-99EC-87FA70555507}"
EndProject
Project("{9A19103F-16F7-4668-BE54-9A1E7A4F7556}") = "Fileicsh.Crypto", "Fileicsh.Crypto\Fileicsh.Crypto.csproj", "{827EEC06-C0C4-4069-994F-B0273AFAF61C}"
EndProject
Project("{9A19103F-16F7-4668-BE54-9A1E7A4F7556}") = "Fileicsh.Crypto.Tests", "Fileicsh.Crypto.Tests\Fileicsh.Crypto.Tests.csproj", "{33335F84-8962-4138-970F-55E8F39873A4}"
EndProject
Project("{FAE04EC0-301F-11D3-BF4B-00C04F79EFBC}") = "Fileicsh.Compression", "Fileicsh.Compression\Fileicsh.Compression.csproj", "{3F712375-8FFE-40A7-B412-D5D6EE2A5FFE}"
EndProject
Global
	GlobalSection(SolutionConfigurationPlatforms) = preSolution
		Debug|Any CPU = Debug|Any CPU
		Release|Any CPU = Release|Any CPU
	EndGlobalSection
	GlobalSection(ProjectConfigurationPlatforms) = postSolution
		{4210A9B3-5AFA-487C-92EC-193C8C51838F}.Debug|Any CPU.ActiveCfg = Debug|Any CPU
		{4210A9B3-5AFA-487C-92EC-193C8C51838F}.Debug|Any CPU.Build.0 = Debug|Any CPU
		{4210A9B3-5AFA-487C-92EC-193C8C51838F}.Release|Any CPU.ActiveCfg = Release|Any CPU
		{4210A9B3-5AFA-487C-92EC-193C8C51838F}.Release|Any CPU.Build.0 = Release|Any CPU
		{4653B504-AE6B-4C33-A479-479A8F617504}.Debug|Any CPU.ActiveCfg = Debug|Any CPU
		{4653B504-AE6B-4C33-A479-479A8F617504}.Debug|Any CPU.Build.0 = Debug|Any CPU
		{4653B504-AE6B-4C33-A479-479A8F617504}.Release|Any CPU.ActiveCfg = Release|Any CPU
		{4653B504-AE6B-4C33-A479-479A8F617504}.Release|Any CPU.Build.0 = Release|Any CPU
		{E5DDB160-A6CD-4D1D-B5A2-84097289965F}.Debug|Any CPU.ActiveCfg = Debug|Any CPU
		{E5DDB160-A6CD-4D1D-B5A2-84097289965F}.Debug|Any CPU.Build.0 = Debug|Any CPU
		{E5DDB160-A6CD-4D1D-B5A2-84097289965F}.Release|Any CPU.ActiveCfg = Release|Any CPU
		{E5DDB160-A6CD-4D1D-B5A2-84097289965F}.Release|Any CPU.Build.0 = Release|Any CPU
		{035C63C6-7796-4426-9781-46EA5FAC5B29}.Debug|Any CPU.ActiveCfg = Debug|Any CPU
		{035C63C6-7796-4426-9781-46EA5FAC5B29}.Debug|Any CPU.Build.0 = Debug|Any CPU
		{035C63C6-7796-4426-9781-46EA5FAC5B29}.Release|Any CPU.ActiveCfg = Release|Any CPU
		{035C63C6-7796-4426-9781-46EA5FAC5B29}.Release|Any CPU.Build.0 = Release|Any CPU
		{4E977144-897B-4937-BB53-EB1374FC1FE4}.Debug|Any CPU.ActiveCfg = Debug|Any CPU
		{4E977144-897B-4937-BB53-EB1374FC1FE4}.Debug|Any CPU.Build.0 = Debug|Any CPU
		{4E977144-897B-4937-BB53-EB1374FC1FE4}.Release|Any CPU.ActiveCfg = Release|Any CPU
		{4E977144-897B-4937-BB53-EB1374FC1FE4}.Release|Any CPU.Build.0 = Release|Any CPU
		{E5D60AAF-C991-41D1-99EC-87FA70555507}.Debug|Any CPU.ActiveCfg = Debug|Any CPU
		{E5D60AAF-C991-41D1-99EC-87FA70555507}.Debug|Any CPU.Build.0 = Debug|Any CPU
		{E5D60AAF-C991-41D1-99EC-87FA70555507}.Release|Any CPU.ActiveCfg = Release|Any CPU
		{E5D60AAF-C991-41D1-99EC-87FA70555507}.Release|Any CPU.Build.0 = Release|Any CPU
		{827EEC06-C0C4-4069-994F-B0273AFAF61C}.Debug|Any CPU.ActiveCfg = Debug|Any CPU
		{827EEC06-C0C4-4069-994F-B0273AFAF61C}.Debug|Any CPU.Build.0 = Debug|Any CPU
		{827EEC06-C0C4-4069-994F-B0273AFAF61C}.Release|Any CPU.ActiveCfg = Release|Any CPU
		{827EEC06-C0C4-4069-994F-B0273AFAF61C}.Release|Any CPU.Build.0 = Release|Any CPU
		{33335F84-8962-4138-970F-55E8F39873A4}.Debug|Any CPU.ActiveCfg = Debug|Any CPU
		{33335F84-8962-4138-970F-55E8F39873A4}.Debug|Any CPU.Build.0 = Debug|Any CPU
		{33335F84-8962-4138-970F-55E8F39873A4}.Release|Any CPU.ActiveCfg = Release|Any CPU
		{33335F84-8962-4138-970F-55E8F39873A4}.Release|Any CPU.Build.0 = Release|Any CPU
		{3F712375-8FFE-40A7-B412-D5D6EE2A5FFE}.Debug|Any CPU.ActiveCfg = Debug|Any CPU
		{3F712375-8FFE-40A7-B412-D5D6EE2A5FFE}.Debug|Any CPU.Build.0 = Debug|Any CPU
		{3F712375-8FFE-40A7-B412-D5D6EE2A5FFE}.Release|Any CPU.ActiveCfg = Release|Any CPU
		{3F712375-8FFE-40A7-B412-D5D6EE2A5FFE}.Release|Any CPU.Build.0 = Release|Any CPU
	EndGlobalSection
	GlobalSection(SolutionProperties) = preSolution
		HideSolutionNode = FALSE
	EndGlobalSection
	GlobalSection(ExtensibilityGlobals) = postSolution
		SolutionGuid = {FE1FD4D9-1AEB-44CD-B1F4-F4936210692F}
	EndGlobalSection
EndGlobal
